
Microsoft Visual Studio Solution File, Format Version 12.00
# Visual Studio 14
VisualStudioVersion = 14.0.24720.0
MinimumVisualStudioVersion = 10.0.40219.1
Project("{FAE04EC0-301F-11D3-BF4B-00C04F79EFBC}") = "LGroup.LazyLoading.DataTransferObject", "LGroup.LazyLoading.DataTransferObject\LGroup.LazyLoading.DataTransferObject.csproj", "{F5CA418B-2DFE-40EE-9818-E5217B9F15C4}"
EndProject
Project("{FAE04EC0-301F-11D3-BF4B-00C04F79EFBC}") = "LGroup.LazyLoading.Test", "LGroup.LazyLoading\LGroup.LazyLoading.Test.csproj", "{6493F79D-339A-4350-B519-930D01962735}"
EndProject
Global
	GlobalSection(SolutionConfigurationPlatforms) = preSolution
		Debug|Any CPU = Debug|Any CPU
		Release|Any CPU = Release|Any CPU
	EndGlobalSection
	GlobalSection(ProjectConfigurationPlatforms) = postSolution
		{F5CA418B-2DFE-40EE-9818-E5217B9F15C4}.Debug|Any CPU.ActiveCfg = Debug|Any CPU
		{F5CA418B-2DFE-40EE-9818-E5217B9F15C4}.Debug|Any CPU.Build.0 = Debug|Any CPU
		{F5CA418B-2DFE-40EE-9818-E5217B9F15C4}.Release|Any CPU.ActiveCfg = Release|Any CPU
		{F5CA418B-2DFE-40EE-9818-E5217B9F15C4}.Release|Any CPU.Build.0 = Release|Any CPU
		{6493F79D-339A-4350-B519-930D01962735}.Debug|Any CPU.ActiveCfg = Debug|Any CPU
		{6493F79D-339A-4350-B519-930D01962735}.Debug|Any CPU.Build.0 = Debug|Any CPU
		{6493F79D-339A-4350-B519-930D01962735}.Release|Any CPU.ActiveCfg = Release|Any CPU
		{6493F79D-339A-4350-B519-930D01962735}.Release|Any CPU.Build.0 = Release|Any CPU
	EndGlobalSection
	GlobalSection(SolutionProperties) = preSolution
		HideSolutionNode = FALSE
	EndGlobalSection
EndGlobal
